
Microsoft Visual Studio Solution File, Format Version 12.00
# Visual Studio Version 17
VisualStudioVersion = 17.5.33530.505
MinimumVisualStudioVersion = 10.0.40219.1
Project("{FAE04EC0-301F-11D3-BF4B-00C04F79EFBC}") = "DZtheVlumeOfTheSelectedWalls", "DZtheVlumeOfTheSelectedWalls\DZtheVlumeOfTheSelectedWalls.csproj", "{3752423C-733F-41ED-9609-DE3E9CA5F4D7}"
EndProject
Global
	GlobalSection(SolutionConfigurationPlatforms) = preSolution
		Debug|Any CPU = Debug|Any CPU
		Release|Any CPU = Release|Any CPU
	EndGlobalSection
	GlobalSection(ProjectConfigurationPlatforms) = postSolution
		{3752423C-733F-41ED-9609-DE3E9CA5F4D7}.Debug|Any CPU.ActiveCfg = Debug|Any CPU
		{3752423C-733F-41ED-9609-DE3E9CA5F4D7}.Debug|Any CPU.Build.0 = Debug|Any CPU
		{3752423C-733F-41ED-9609-DE3E9CA5F4D7}.Release|Any CPU.ActiveCfg = Release|Any CPU
		{3752423C-733F-41ED-9609-DE3E9CA5F4D7}.Release|Any CPU.Build.0 = Release|Any CPU
	EndGlobalSection
	GlobalSection(SolutionProperties) = preSolution
		HideSolutionNode = FALSE
	EndGlobalSection
	GlobalSection(ExtensibilityGlobals) = postSolution
		SolutionGuid = {01FBB686-2219-4C46-B83C-CDE40A2B969B}
	EndGlobalSection
EndGlobal
